
Microsoft Visual Studio Solution File, Format Version 12.00
# Visual Studio Version 17
VisualStudioVersion = 17.8.34330.188
MinimumVisualStudioVersion = 10.0.40219.1
Project("{FAE04EC0-301F-11D3-BF4B-00C04F79EFBC}") = "Teckel-Teuns-Data-Server", "Teckel-Teuns-Data-Server\Teckel-Teuns-Data-Server.csproj", "{484B3DE2-9DE0-4082-962A-1B0D5DDDBFCC}"
EndProject
Global
	GlobalSection(SolutionConfigurationPlatforms) = preSolution
		Debug|Any CPU = Debug|Any CPU
		Release|Any CPU = Release|Any CPU
	EndGlobalSection
	GlobalSection(ProjectConfigurationPlatforms) = postSolution
		{484B3DE2-9DE0-4082-962A-1B0D5DDDBFCC}.Debug|Any CPU.ActiveCfg = Debug|Any CPU
		{484B3DE2-9DE0-4082-962A-1B0D5DDDBFCC}.Debug|Any CPU.Build.0 = Debug|Any CPU
		{484B3DE2-9DE0-4082-962A-1B0D5DDDBFCC}.Release|Any CPU.ActiveCfg = Release|Any CPU
		{484B3DE2-9DE0-4082-962A-1B0D5DDDBFCC}.Release|Any CPU.Build.0 = Release|Any CPU
	EndGlobalSection
	GlobalSection(SolutionProperties) = preSolution
		HideSolutionNode = FALSE
	EndGlobalSection
	GlobalSection(ExtensibilityGlobals) = postSolution
		SolutionGuid = {E5196219-D5E3-4FFE-966C-6B5CD6EAFAF6}
	EndGlobalSection
EndGlobal
